
Microsoft Visual Studio Solution File, Format Version 12.00
Project("{FAE04EC0-301F-11D3-BF4B-00C04F79EFBC}") = "UwUinator", "UwUinator\UwUinator.csproj", "{2A771F07-9D32-4581-B78B-D11BD0E24E0D}"
EndProject
Global
	GlobalSection(SolutionConfigurationPlatforms) = preSolution
		Debug|Any CPU = Debug|Any CPU
		Release|Any CPU = Release|Any CPU
	EndGlobalSection
	GlobalSection(ProjectConfigurationPlatforms) = postSolution
		{2A771F07-9D32-4581-B78B-D11BD0E24E0D}.Debug|Any CPU.ActiveCfg = Debug|Any CPU
		{2A771F07-9D32-4581-B78B-D11BD0E24E0D}.Debug|Any CPU.Build.0 = Debug|Any CPU
		{2A771F07-9D32-4581-B78B-D11BD0E24E0D}.Release|Any CPU.ActiveCfg = Release|Any CPU
		{2A771F07-9D32-4581-B78B-D11BD0E24E0D}.Release|Any CPU.Build.0 = Release|Any CPU
	EndGlobalSection
EndGlobal
